
Microsoft Visual Studio Solution File, Format Version 12.00
# Visual Studio Version 17
VisualStudioVersion = 17.7.34031.279
MinimumVisualStudioVersion = 10.0.40219.1
Project("{FAE04EC0-301F-11D3-BF4B-00C04F79EFBC}") = "calculator", "calculator.csproj", "{F7ECAA4D-4218-467D-A88E-78E2AF45A7DD}"
EndProject
Global
	GlobalSection(SolutionConfigurationPlatforms) = preSolution
		Debug|Any CPU = Debug|Any CPU
		Release|Any CPU = Release|Any CPU
	EndGlobalSection
	GlobalSection(ProjectConfigurationPlatforms) = postSolution
		{F7ECAA4D-4218-467D-A88E-78E2AF45A7DD}.Debug|Any CPU.ActiveCfg = Debug|Any CPU
		{F7ECAA4D-4218-467D-A88E-78E2AF45A7DD}.Debug|Any CPU.Build.0 = Debug|Any CPU
		{F7ECAA4D-4218-467D-A88E-78E2AF45A7DD}.Release|Any CPU.ActiveCfg = Release|Any CPU
		{F7ECAA4D-4218-467D-A88E-78E2AF45A7DD}.Release|Any CPU.Build.0 = Release|Any CPU
	EndGlobalSection
	GlobalSection(SolutionProperties) = preSolution
		HideSolutionNode = FALSE
	EndGlobalSection
	GlobalSection(ExtensibilityGlobals) = postSolution
		SolutionGuid = {CD87A4CA-7947-43A1-943E-50BAB74306A9}
	EndGlobalSection
EndGlobal
